version: 1.0
shards:
  crecto:
    github: fridgerator/crecto
    version: 0.10.1

  db:
    github: crystal-lang/crystal-db
    version: 0.5.0

  micrate:
    github: amberframework/micrate
    version: 0.3.3

  popcorn:
    github: icyleaf/popcorn
    version: 0.2.1

  sqlite3:
    github: crystal-lang/crystal-sqlite3
    version: 0.10.0

  telegram_bot:
    github: hangyas/telegram_bot
    commit: a5ae93f45624a9b35104cd4a5354874060ee2c9c

  totem:
    github: icyleaf/totem
    version: 0.5.1

