version: 1.0
shards:
  crecto:
    github: fridgerator/crecto
    version: 0.10.1

  db:
    github: crystal-lang/crystal-db
    version: 0.5.1

  micrate:
    github: amberframework/micrate
    version: 0.3.3

  popcorn:
    github: icyleaf/popcorn
    version: 0.2.1

  sqlite3:
    github: crystal-lang/crystal-sqlite3
    version: 0.10.0

  telegram_bot:
    github: hangyas/telegram_bot
    commit: dc3c3605f102f1c6a597ae37f0adcab326cc9e15

  totem:
    github: icyleaf/totem
    version: 0.5.2

